
Microsoft Visual Studio Solution File, Format Version 12.00
# Visual Studio Version 17
VisualStudioVersion = 17.8.34322.80
MinimumVisualStudioVersion = 10.0.40219.1
Project("{FAE04EC0-301F-11D3-BF4B-00C04F79EFBC}") = "DemoWebApi", "DemoWebApi.csproj", "{40590924-4E02-4890-814C-2C1D38182174}"
EndProject
Project("{FAE04EC0-301F-11D3-BF4B-00C04F79EFBC}") = "DemoWepApiDocs", "..\DemoWepApiDocs\DemoWepApiDocs.csproj", "{8E14280A-2C8C-4CF4-902A-BE2D05C6138A}"
EndProject
Global
	GlobalSection(SolutionConfigurationPlatforms) = preSolution
		Debug|Any CPU = Debug|Any CPU
		Release|Any CPU = Release|Any CPU
	EndGlobalSection
	GlobalSection(ProjectConfigurationPlatforms) = postSolution
		{40590924-4E02-4890-814C-2C1D38182174}.Debug|Any CPU.ActiveCfg = Debug|Any CPU
		{40590924-4E02-4890-814C-2C1D38182174}.Debug|Any CPU.Build.0 = Debug|Any CPU
		{40590924-4E02-4890-814C-2C1D38182174}.Release|Any CPU.ActiveCfg = Release|Any CPU
		{40590924-4E02-4890-814C-2C1D38182174}.Release|Any CPU.Build.0 = Release|Any CPU
		{8E14280A-2C8C-4CF4-902A-BE2D05C6138A}.Debug|Any CPU.ActiveCfg = Debug|Any CPU
		{8E14280A-2C8C-4CF4-902A-BE2D05C6138A}.Debug|Any CPU.Build.0 = Debug|Any CPU
		{8E14280A-2C8C-4CF4-902A-BE2D05C6138A}.Release|Any CPU.ActiveCfg = Release|Any CPU
		{8E14280A-2C8C-4CF4-902A-BE2D05C6138A}.Release|Any CPU.Build.0 = Release|Any CPU
	EndGlobalSection
	GlobalSection(SolutionProperties) = preSolution
		HideSolutionNode = FALSE
	EndGlobalSection
	GlobalSection(ExtensibilityGlobals) = postSolution
		SolutionGuid = {C61D63CA-E733-4725-8A66-717944C44316}
	EndGlobalSection
EndGlobal
